# THIS IS AN AUTOGENERATED FILE. DO NOT EDIT THIS FILE DIRECTLY.
# yarn lockfile v1


commander@^9.0.0:
  version "9.1.0"
  resolved "https://registry.yarnpkg.com/commander/-/commander-9.1.0.tgz#a6b263b2327f2e188c6402c42623327909f2dbec"
  integrity sha512-i0/MaqBtdbnJ4XQs4Pmyb+oFQl+q0lsAmokVUH92SlSw4fkeAcG3bVon+Qt7hmtF+u3Het6o4VgrcY3qAoEB6w==

showdown@^2.0.3:
  version "2.0.3"
  resolved "https://registry.yarnpkg.com/showdown/-/showdown-2.0.3.tgz#1ec96dd19637fe4617b160f7b50280120964640b"
  integrity sha512-jHytkv5c5YFTAOYIIaTT1zLL/aC+7C1FiP0CIGQozhHnnFSbor1oYkaNqWFL6CpB3zJNPPSxJrAlsHgzN14knQ==
  dependencies:
    commander "^9.0.0"
